hash: 64be9ce69ebf6632b362fee16f721f4e13c57eb42ec8ca995a9a271db530685e
updated: 2018-08-23T14:05:54.491785+02:00
imports:
- name: github.com/fatih/color
  version: 2d684516a8861da43017284349b7e303e809ac21
- name: github.com/gofrs/uuid
  version: d41eeda0759468834c84365a32d1b1ec4264c75f
- name: github.com/gorilla/websocket
  version: 3ff3320c2a1756a3691521efc290b4701575147c
- name: github.com/hokaccha/go-prettyjson
  version: d229c224a219dcf41e9d2af4684b9782f33f5eb7
- name: github.com/mattn/go-colorable
  version: efa589957cd060542a26d2dd7832fd6a6c6c3ade
- name: github.com/mattn/go-isatty
  version: 6ca4dbf54d38eea1a992b3c722a76a5d1c4cb25c
- name: github.com/spf13/pflag
  version: 9a97c102cda95a86cec2345a6f09f55a939babf5
- name: golang.org/x/sys
  version: 3b58ed4ad3395d483fc92d5d14123ce2c3581fec
  subpackages:
  - unix
testImports: []
